
Microsoft Visual Studio Solution File, Format Version 12.00
# Visual Studio Version 17
VisualStudioVersion = 17.9.34728.123
MinimumVisualStudioVersion = 10.0.40219.1
Project("{FAE04EC0-301F-11D3-BF4B-00C04F79EFBC}") = "abcd", "abcd\abcd.csproj", "{786EAEFF-67C6-463B-88D2-25E5C6170204}"
EndProject
Global
	GlobalSection(SolutionConfigurationPlatforms) = preSolution
		Debug|Any CPU = Debug|Any CPU
		Release|Any CPU = Release|Any CPU
	EndGlobalSection
	GlobalSection(ProjectConfigurationPlatforms) = postSolution
		{786EAEFF-67C6-463B-88D2-25E5C6170204}.Debug|Any CPU.ActiveCfg = Debug|Any CPU
		{786EAEFF-67C6-463B-88D2-25E5C6170204}.Debug|Any CPU.Build.0 = Debug|Any CPU
		{786EAEFF-67C6-463B-88D2-25E5C6170204}.Release|Any CPU.ActiveCfg = Release|Any CPU
		{786EAEFF-67C6-463B-88D2-25E5C6170204}.Release|Any CPU.Build.0 = Release|Any CPU
	EndGlobalSection
	GlobalSection(SolutionProperties) = preSolution
		HideSolutionNode = FALSE
	EndGlobalSection
	GlobalSection(ExtensibilityGlobals) = postSolution
		SolutionGuid = {405342E5-CEC4-43D4-8966-13D68A5301B8}
	EndGlobalSection
EndGlobal
